
Microsoft Visual Studio Solution File, Format Version 12.00
# Visual Studio Version 17
VisualStudioVersion = 17.7.33711.374
MinimumVisualStudioVersion = 10.0.40219.1
Project("{9A19103F-16F7-4668-BE54-9A1E7A4F7556}") = "Vms.Domain", "Vms.Domain\Vms.Domain.csproj", "{0B579BF1-5CA9-43D3-9051-B275E2D5CB69}"
EndProject
Project("{2150E333-8FDC-42A3-9474-1A3956D46DE8}") = "_Solution Items", "_Solution Items", "{42B0C510-22A0-4FBD-9C2E-0DEDF7FF95BF}"
	ProjectSection(SolutionItems) = preProject
		dbsetup.sql = dbsetup.sql
		js.js = js.js
		migrations.txt = migrations.txt
		Readme.txt = Readme.txt
		sites.txt = sites.txt
		testscroll.html = testscroll.html
	EndProjectSection
EndProject
Project("{9A19103F-16F7-4668-BE54-9A1E7A4F7556}") = "Vms.Tests", "Vms.Tests\Vms.Tests.csproj", "{E7FB0ABB-6B40-4AAD-9CB8-2412B978B19E}"
EndProject
Project("{9A19103F-16F7-4668-BE54-9A1E7A4F7556}") = "Vms.Application", "Vms.Application\Vms.Application.csproj", "{350601FD-763D-4E79-B9A6-1D7010B779D2}"
EndProject
Project("{9A19103F-16F7-4668-BE54-9A1E7A4F7556}") = "Identity.API", "Identity.API\Identity.API.csproj", "{00BA8EAA-11EC-4A66-BD8E-7FF39067ED5F}"
EndProject
Project("{2150E333-8FDC-42A3-9474-1A3956D46DE8}") = "Security", "Security", "{F27F1760-3DBC-49C9-8CA7-FA0089812073}"
EndProject
Project("{2150E333-8FDC-42A3-9474-1A3956D46DE8}") = "Tests", "Tests", "{2EA2EA30-795E-47A0-9E6B-72CF9D688AA7}"
EndProject
Project("{9A19103F-16F7-4668-BE54-9A1E7A4F7556}") = "CodeGenerator", "CodeGenerator\CodeGenerator.csproj", "{D6F06AD2-34C8-49AE-8975-23084C332725}"
EndProject
Project("{2150E333-8FDC-42A3-9474-1A3956D46DE8}") = "9 - Web", "9 - Web", "{5E42BC5C-A059-44F1-B6CA-C37E33B2D39D}"
EndProject
Project("{9A19103F-16F7-4668-BE54-9A1E7A4F7556}") = "Vms.Web.Server", "Vms.Web\Server\Vms.Web.Server.csproj", "{14F86536-9031-4959-B9E9-D595002BECB2}"
EndProject
Project("{9A19103F-16F7-4668-BE54-9A1E7A4F7556}") = "Vms.Web.Client", "Vms.Web\Client\Vms.Web.Client.csproj", "{44B516D9-52CA-434A-AB3E-458AB1160687}"
EndProject
Project("{9A19103F-16F7-4668-BE54-9A1E7A4F7556}") = "Utopia.Blazor.Component", "Utopia.Blazor.Component\Utopia.Blazor.Component.csproj", "{9354E257-8B46-4AE0-81B0-1862E2671703}"
EndProject
Project("{9A19103F-16F7-4668-BE54-9A1E7A4F7556}") = "CodeGen", "CodeGen\CodeGen.csproj", "{3A4C4EBF-B951-49EC-B62F-594597B32035}"
EndProject
Project("{9A19103F-16F7-4668-BE54-9A1E7A4F7556}") = "ConsoleApp1", "ConsoleApp1\ConsoleApp1.csproj", "{7714D80C-0A02-4510-A466-2014B5A8EF2F}"
EndProject
Project("{9A19103F-16F7-4668-BE54-9A1E7A4F7556}") = "Utopia.Blazor.Application", "Utopia.Blazor.Application\Utopia.Blazor.Application.csproj", "{432D0979-7EAF-4830-8E39-EA09493AEE8E}"
EndProject
Project("{9A19103F-16F7-4668-BE54-9A1E7A4F7556}") = "Utopia.Blazor.Application.Shared", "Utopia.Blazor.Application.Shared\Utopia.Blazor.Application.Shared.csproj", "{1E0DA74C-DB19-4EF8-981E-2DC628F8F8A9}"
EndProject
Project("{9A19103F-16F7-4668-BE54-9A1E7A4F7556}") = "Vms.Domain.Infrastructure", "Vms.Domain.Infrastructure\Vms.Domain.Infrastructure.csproj", "{E9A79938-105E-465E-A60B-F88641EA339F}"
EndProject
Project("{9A19103F-16F7-4668-BE54-9A1E7A4F7556}") = "CountLines", "CountLines\CountLines.csproj", "{24B9FE85-3A0D-4AF3-A3F3-FF3568ACA6F2}"
EndProject
Project("{9A19103F-16F7-4668-BE54-9A1E7A4F7556}") = "Utopia.Blazor.Application.Vms", "Utopia.Blazor.Application.Vms\Utopia.Blazor.Application.Vms.csproj", "{6ED7C776-C74B-4602-94DA-025AC98F701E}"
EndProject
Project("{9A19103F-16F7-4668-BE54-9A1E7A4F7556}") = "Utopia.Blazor.Application.Common", "Utopia.Blazor.Application.Common\Utopia.Blazor.Application.Common.csproj", "{0ACAD4C6-0845-4F19-B97A-9E3E5ABC0722}"
EndProject
Project("{9A19103F-16F7-4668-BE54-9A1E7A4F7556}") = "Utopia.Blazor.Application.Vms.Shared", "Utopia.Blazor.Application.Vms.Shared\Utopia.Blazor.Application.Vms.Shared.csproj", "{825F0539-0C7D-433E-B4A4-9F7358D969F5}"
EndProject
Project("{2150E333-8FDC-42A3-9474-1A3956D46DE8}") = "1 - Vms", "1 - Vms", "{999C9AD1-E860-42AE-9452-B4FF95B17BD7}"
EndProject
Project("{9A19103F-16F7-4668-BE54-9A1E7A4F7556}") = "Vms.Api", "Vms.Api\Vms.Api.csproj", "{2CEEA463-72CF-4054-95EE-CF748CA6017D}"
EndProject
Project("{2150E333-8FDC-42A3-9474-1A3956D46DE8}") = "2 - Catalog", "2 - Catalog", "{B0F2187E-07EF-4BC6-8B23-96EFAF20B022}"
EndProject
Project("{9A19103F-16F7-4668-BE54-9A1E7A4F7556}") = "Catalog.Api", "Catalog.Api\Catalog.Api.csproj", "{F7488CED-470A-4822-BB38-221BE2D3AE69}"
EndProject
Project("{9A19103F-16F7-4668-BE54-9A1E7A4F7556}") = "Catalog.Shared", "Catalog.Shared\Catalog.Shared.csproj", "{BA868B1F-B1AF-41F9-93F4-1B2D765E12FA}"
EndProject
Project("{9A19103F-16F7-4668-BE54-9A1E7A4F7556}") = "Utopia.Api", "Utopia.Api\Utopia.Api.csproj", "{C57FFA8E-A6AC-4919-B907-2F3590B43F30}"
EndProject
Project("{9A19103F-16F7-4668-BE54-9A1E7A4F7556}") = "Catalog.Blazor", "Catalog.Blazor\Catalog.Blazor.csproj", "{06808B47-42F7-4385-B876-B4D66BD9F71B}"
EndProject
Project("{9A19103F-16F7-4668-BE54-9A1E7A4F7556}") = "Utopia.Shared", "Utopia.Shared\Utopia.Shared.csproj", "{99FFEEB6-E5B2-4F8C-9B12-81EA9071B309}"
EndProject
Project("{9A19103F-16F7-4668-BE54-9A1E7A4F7556}") = "TestEf", "TestEf\TestEf.csproj", "{F4888C70-80D1-4602-9C23-13E46481C904}"
EndProject
Project("{2150E333-8FDC-42A3-9474-1A3956D46DE8}") = "8 - Scrum", "8 - Scrum", "{E29956DE-ACBA-4DD9-8268-858257207DBA}"
EndProject
Project("{2150E333-8FDC-42A3-9474-1A3956D46DE8}") = "0 - Utopia", "0 - Utopia", "{A9700DF9-667F-47BE-AEBB-5B69807FFB1B}"
EndProject
Project("{FAE04EC0-301F-11D3-BF4B-00C04F79EFBC}") = "Scrum.Api", "Scrum.Api\Scrum.Api.csproj", "{6B2E5658-F7BA-4A56-864B-963F5D93A2F7}"
EndProject
Global
	GlobalSection(SolutionConfigurationPlatforms) = preSolution
		Debug|Any CPU = Debug|Any CPU
		Release|Any CPU = Release|Any CPU
	EndGlobalSection
	GlobalSection(ProjectConfigurationPlatforms) = postSolution
		{0B579BF1-5CA9-43D3-9051-B275E2D5CB69}.Debug|Any CPU.ActiveCfg = Debug|Any CPU
		{0B579BF1-5CA9-43D3-9051-B275E2D5CB69}.Debug|Any CPU.Build.0 = Debug|Any CPU
		{0B579BF1-5CA9-43D3-9051-B275E2D5CB69}.Release|Any CPU.ActiveCfg = Release|Any CPU
		{0B579BF1-5CA9-43D3-9051-B275E2D5CB69}.Release|Any CPU.Build.0 = Release|Any CPU
		{E7FB0ABB-6B40-4AAD-9CB8-2412B978B19E}.Debug|Any CPU.ActiveCfg = Debug|Any CPU
		{E7FB0ABB-6B40-4AAD-9CB8-2412B978B19E}.Debug|Any CPU.Build.0 = Debug|Any CPU
		{E7FB0ABB-6B40-4AAD-9CB8-2412B978B19E}.Release|Any CPU.ActiveCfg = Release|Any CPU
		{E7FB0ABB-6B40-4AAD-9CB8-2412B978B19E}.Release|Any CPU.Build.0 = Release|Any CPU
		{350601FD-763D-4E79-B9A6-1D7010B779D2}.Debug|Any CPU.ActiveCfg = Debug|Any CPU
		{350601FD-763D-4E79-B9A6-1D7010B779D2}.Debug|Any CPU.Build.0 = Debug|Any CPU
		{350601FD-763D-4E79-B9A6-1D7010B779D2}.Release|Any CPU.ActiveCfg = Release|Any CPU
		{350601FD-763D-4E79-B9A6-1D7010B779D2}.Release|Any CPU.Build.0 = Release|Any CPU
		{00BA8EAA-11EC-4A66-BD8E-7FF39067ED5F}.Debug|Any CPU.ActiveCfg = Debug|Any CPU
		{00BA8EAA-11EC-4A66-BD8E-7FF39067ED5F}.Debug|Any CPU.Build.0 = Debug|Any CPU
		{00BA8EAA-11EC-4A66-BD8E-7FF39067ED5F}.Release|Any CPU.ActiveCfg = Release|Any CPU
		{00BA8EAA-11EC-4A66-BD8E-7FF39067ED5F}.Release|Any CPU.Build.0 = Release|Any CPU
		{D6F06AD2-34C8-49AE-8975-23084C332725}.Debug|Any CPU.ActiveCfg = Debug|Any CPU
		{D6F06AD2-34C8-49AE-8975-23084C332725}.Debug|Any CPU.Build.0 = Debug|Any CPU
		{D6F06AD2-34C8-49AE-8975-23084C332725}.Release|Any CPU.ActiveCfg = Release|Any CPU
		{D6F06AD2-34C8-49AE-8975-23084C332725}.Release|Any CPU.Build.0 = Release|Any CPU
		{14F86536-9031-4959-B9E9-D595002BECB2}.Debug|Any CPU.ActiveCfg = Debug|Any CPU
		{14F86536-9031-4959-B9E9-D595002BECB2}.Debug|Any CPU.Build.0 = Debug|Any CPU
		{14F86536-9031-4959-B9E9-D595002BECB2}.Release|Any CPU.ActiveCfg = Release|Any CPU
		{14F86536-9031-4959-B9E9-D595002BECB2}.Release|Any CPU.Build.0 = Release|Any CPU
		{44B516D9-52CA-434A-AB3E-458AB1160687}.Debug|Any CPU.ActiveCfg = Debug|Any CPU
		{44B516D9-52CA-434A-AB3E-458AB1160687}.Debug|Any CPU.Build.0 = Debug|Any CPU
		{44B516D9-52CA-434A-AB3E-458AB1160687}.Release|Any CPU.ActiveCfg = Release|Any CPU
		{44B516D9-52CA-434A-AB3E-458AB1160687}.Release|Any CPU.Build.0 = Release|Any CPU
		{9354E257-8B46-4AE0-81B0-1862E2671703}.Debug|Any CPU.ActiveCfg = Debug|Any CPU
		{9354E257-8B46-4AE0-81B0-1862E2671703}.Debug|Any CPU.Build.0 = Debug|Any CPU
		{9354E257-8B46-4AE0-81B0-1862E2671703}.Release|Any CPU.ActiveCfg = Release|Any CPU
		{9354E257-8B46-4AE0-81B0-1862E2671703}.Release|Any CPU.Build.0 = Release|Any CPU
		{3A4C4EBF-B951-49EC-B62F-594597B32035}.Debug|Any CPU.ActiveCfg = Debug|Any CPU
		{3A4C4EBF-B951-49EC-B62F-594597B32035}.Debug|Any CPU.Build.0 = Debug|Any CPU
		{3A4C4EBF-B951-49EC-B62F-594597B32035}.Release|Any CPU.ActiveCfg = Release|Any CPU
		{3A4C4EBF-B951-49EC-B62F-594597B32035}.Release|Any CPU.Build.0 = Release|Any CPU
		{7714D80C-0A02-4510-A466-2014B5A8EF2F}.Debug|Any CPU.ActiveCfg = Debug|Any CPU
		{7714D80C-0A02-4510-A466-2014B5A8EF2F}.Debug|Any CPU.Build.0 = Debug|Any CPU
		{7714D80C-0A02-4510-A466-2014B5A8EF2F}.Release|Any CPU.ActiveCfg = Release|Any CPU
		{7714D80C-0A02-4510-A466-2014B5A8EF2F}.Release|Any CPU.Build.0 = Release|Any CPU
		{432D0979-7EAF-4830-8E39-EA09493AEE8E}.Debug|Any CPU.ActiveCfg = Debug|Any CPU
		{432D0979-7EAF-4830-8E39-EA09493AEE8E}.Debug|Any CPU.Build.0 = Debug|Any CPU
		{432D0979-7EAF-4830-8E39-EA09493AEE8E}.Release|Any CPU.ActiveCfg = Release|Any CPU
		{432D0979-7EAF-4830-8E39-EA09493AEE8E}.Release|Any CPU.Build.0 = Release|Any CPU
		{1E0DA74C-DB19-4EF8-981E-2DC628F8F8A9}.Debug|Any CPU.ActiveCfg = Debug|Any CPU
		{1E0DA74C-DB19-4EF8-981E-2DC628F8F8A9}.Debug|Any CPU.Build.0 = Debug|Any CPU
		{1E0DA74C-DB19-4EF8-981E-2DC628F8F8A9}.Release|Any CPU.ActiveCfg = Release|Any CPU
		{1E0DA74C-DB19-4EF8-981E-2DC628F8F8A9}.Release|Any CPU.Build.0 = Release|Any CPU
		{E9A79938-105E-465E-A60B-F88641EA339F}.Debug|Any CPU.ActiveCfg = Debug|Any CPU
		{E9A79938-105E-465E-A60B-F88641EA339F}.Debug|Any CPU.Build.0 = Debug|Any CPU
		{E9A79938-105E-465E-A60B-F88641EA339F}.Release|Any CPU.ActiveCfg = Release|Any CPU
		{E9A79938-105E-465E-A60B-F88641EA339F}.Release|Any CPU.Build.0 = Release|Any CPU
		{24B9FE85-3A0D-4AF3-A3F3-FF3568ACA6F2}.Debug|Any CPU.ActiveCfg = Debug|Any CPU
		{24B9FE85-3A0D-4AF3-A3F3-FF3568ACA6F2}.Debug|Any CPU.Build.0 = Debug|Any CPU
		{24B9FE85-3A0D-4AF3-A3F3-FF3568ACA6F2}.Release|Any CPU.ActiveCfg = Release|Any CPU
		{24B9FE85-3A0D-4AF3-A3F3-FF3568ACA6F2}.Release|Any CPU.Build.0 = Release|Any CPU
		{6ED7C776-C74B-4602-94DA-025AC98F701E}.Debug|Any CPU.ActiveCfg = Debug|Any CPU
		{6ED7C776-C74B-4602-94DA-025AC98F701E}.Debug|Any CPU.Build.0 = Debug|Any CPU
		{6ED7C776-C74B-4602-94DA-025AC98F701E}.Release|Any CPU.ActiveCfg = Release|Any CPU
		{6ED7C776-C74B-4602-94DA-025AC98F701E}.Release|Any CPU.Build.0 = Release|Any CPU
		{0ACAD4C6-0845-4F19-B97A-9E3E5ABC0722}.Debug|Any CPU.ActiveCfg = Debug|Any CPU
		{0ACAD4C6-0845-4F19-B97A-9E3E5ABC0722}.Debug|Any CPU.Build.0 = Debug|Any CPU
		{0ACAD4C6-0845-4F19-B97A-9E3E5ABC0722}.Release|Any CPU.ActiveCfg = Release|Any CPU
		{0ACAD4C6-0845-4F19-B97A-9E3E5ABC0722}.Release|Any CPU.Build.0 = Release|Any CPU
		{825F0539-0C7D-433E-B4A4-9F7358D969F5}.Debug|Any CPU.ActiveCfg = Debug|Any CPU
		{825F0539-0C7D-433E-B4A4-9F7358D969F5}.Debug|Any CPU.Build.0 = Debug|Any CPU
		{825F0539-0C7D-433E-B4A4-9F7358D969F5}.Release|Any CPU.ActiveCfg = Release|Any CPU
		{825F0539-0C7D-433E-B4A4-9F7358D969F5}.Release|Any CPU.Build.0 = Release|Any CPU
		{2CEEA463-72CF-4054-95EE-CF748CA6017D}.Debug|Any CPU.ActiveCfg = Debug|Any CPU
		{2CEEA463-72CF-4054-95EE-CF748CA6017D}.Debug|Any CPU.Build.0 = Debug|Any CPU
		{2CEEA463-72CF-4054-95EE-CF748CA6017D}.Release|Any CPU.ActiveCfg = Release|Any CPU
		{2CEEA463-72CF-4054-95EE-CF748CA6017D}.Release|Any CPU.Build.0 = Release|Any CPU
		{F7488CED-470A-4822-BB38-221BE2D3AE69}.Debug|Any CPU.ActiveCfg = Debug|Any CPU
		{F7488CED-470A-4822-BB38-221BE2D3AE69}.Debug|Any CPU.Build.0 = Debug|Any CPU
		{F7488CED-470A-4822-BB38-221BE2D3AE69}.Release|Any CPU.ActiveCfg = Release|Any CPU
		{F7488CED-470A-4822-BB38-221BE2D3AE69}.Release|Any CPU.Build.0 = Release|Any CPU
		{BA868B1F-B1AF-41F9-93F4-1B2D765E12FA}.Debug|Any CPU.ActiveCfg = Debug|Any CPU
		{BA868B1F-B1AF-41F9-93F4-1B2D765E12FA}.Debug|Any CPU.Build.0 = Debug|Any CPU
		{BA868B1F-B1AF-41F9-93F4-1B2D765E12FA}.Release|Any CPU.ActiveCfg = Release|Any CPU
		{BA868B1F-B1AF-41F9-93F4-1B2D765E12FA}.Release|Any CPU.Build.0 = Release|Any CPU
		{C57FFA8E-A6AC-4919-B907-2F3590B43F30}.Debug|Any CPU.ActiveCfg = Debug|Any CPU
		{C57FFA8E-A6AC-4919-B907-2F3590B43F30}.Debug|Any CPU.Build.0 = Debug|Any CPU
		{C57FFA8E-A6AC-4919-B907-2F3590B43F30}.Release|Any CPU.ActiveCfg = Release|Any CPU
		{C57FFA8E-A6AC-4919-B907-2F3590B43F30}.Release|Any CPU.Build.0 = Release|Any CPU
		{06808B47-42F7-4385-B876-B4D66BD9F71B}.Debug|Any CPU.ActiveCfg = Debug|Any CPU
		{06808B47-42F7-4385-B876-B4D66BD9F71B}.Debug|Any CPU.Build.0 = Debug|Any CPU
		{06808B47-42F7-4385-B876-B4D66BD9F71B}.Release|Any CPU.ActiveCfg = Release|Any CPU
		{06808B47-42F7-4385-B876-B4D66BD9F71B}.Release|Any CPU.Build.0 = Release|Any CPU
		{99FFEEB6-E5B2-4F8C-9B12-81EA9071B309}.Debug|Any CPU.ActiveCfg = Debug|Any CPU
		{99FFEEB6-E5B2-4F8C-9B12-81EA9071B309}.Debug|Any CPU.Build.0 = Debug|Any CPU
		{99FFEEB6-E5B2-4F8C-9B12-81EA9071B309}.Release|Any CPU.ActiveCfg = Release|Any CPU
		{99FFEEB6-E5B2-4F8C-9B12-81EA9071B309}.Release|Any CPU.Build.0 = Release|Any CPU
		{F4888C70-80D1-4602-9C23-13E46481C904}.Debug|Any CPU.ActiveCfg = Debug|Any CPU
		{F4888C70-80D1-4602-9C23-13E46481C904}.Debug|Any CPU.Build.0 = Debug|Any CPU
		{F4888C70-80D1-4602-9C23-13E46481C904}.Release|Any CPU.ActiveCfg = Release|Any CPU
		{F4888C70-80D1-4602-9C23-13E46481C904}.Release|Any CPU.Build.0 = Release|Any CPU
		{6B2E5658-F7BA-4A56-864B-963F5D93A2F7}.Debug|Any CPU.ActiveCfg = Debug|Any CPU
		{6B2E5658-F7BA-4A56-864B-963F5D93A2F7}.Debug|Any CPU.Build.0 = Debug|Any CPU
		{6B2E5658-F7BA-4A56-864B-963F5D93A2F7}.Release|Any CPU.ActiveCfg = Release|Any CPU
		{6B2E5658-F7BA-4A56-864B-963F5D93A2F7}.Release|Any CPU.Build.0 = Release|Any CPU
	EndGlobalSection
	GlobalSection(SolutionProperties) = preSolution
		HideSolutionNode = FALSE
	EndGlobalSection
	GlobalSection(NestedProjects) = preSolution
		{0B579BF1-5CA9-43D3-9051-B275E2D5CB69} = {999C9AD1-E860-42AE-9452-B4FF95B17BD7}
		{E7FB0ABB-6B40-4AAD-9CB8-2412B978B19E} = {2EA2EA30-795E-47A0-9E6B-72CF9D688AA7}
		{350601FD-763D-4E79-B9A6-1D7010B779D2} = {999C9AD1-E860-42AE-9452-B4FF95B17BD7}
		{00BA8EAA-11EC-4A66-BD8E-7FF39067ED5F} = {F27F1760-3DBC-49C9-8CA7-FA0089812073}
		{14F86536-9031-4959-B9E9-D595002BECB2} = {5E42BC5C-A059-44F1-B6CA-C37E33B2D39D}
		{44B516D9-52CA-434A-AB3E-458AB1160687} = {5E42BC5C-A059-44F1-B6CA-C37E33B2D39D}
		{9354E257-8B46-4AE0-81B0-1862E2671703} = {5E42BC5C-A059-44F1-B6CA-C37E33B2D39D}
		{432D0979-7EAF-4830-8E39-EA09493AEE8E} = {5E42BC5C-A059-44F1-B6CA-C37E33B2D39D}
		{1E0DA74C-DB19-4EF8-981E-2DC628F8F8A9} = {5E42BC5C-A059-44F1-B6CA-C37E33B2D39D}
		{E9A79938-105E-465E-A60B-F88641EA339F} = {999C9AD1-E860-42AE-9452-B4FF95B17BD7}
		{6ED7C776-C74B-4602-94DA-025AC98F701E} = {999C9AD1-E860-42AE-9452-B4FF95B17BD7}
		{0ACAD4C6-0845-4F19-B97A-9E3E5ABC0722} = {5E42BC5C-A059-44F1-B6CA-C37E33B2D39D}
		{825F0539-0C7D-433E-B4A4-9F7358D969F5} = {999C9AD1-E860-42AE-9452-B4FF95B17BD7}
		{2CEEA463-72CF-4054-95EE-CF748CA6017D} = {999C9AD1-E860-42AE-9452-B4FF95B17BD7}
		{F7488CED-470A-4822-BB38-221BE2D3AE69} = {B0F2187E-07EF-4BC6-8B23-96EFAF20B022}
		{BA868B1F-B1AF-41F9-93F4-1B2D765E12FA} = {B0F2187E-07EF-4BC6-8B23-96EFAF20B022}
		{C57FFA8E-A6AC-4919-B907-2F3590B43F30} = {A9700DF9-667F-47BE-AEBB-5B69807FFB1B}
		{06808B47-42F7-4385-B876-B4D66BD9F71B} = {B0F2187E-07EF-4BC6-8B23-96EFAF20B022}
		{99FFEEB6-E5B2-4F8C-9B12-81EA9071B309} = {A9700DF9-667F-47BE-AEBB-5B69807FFB1B}
		{6B2E5658-F7BA-4A56-864B-963F5D93A2F7} = {E29956DE-ACBA-4DD9-8268-858257207DBA}
	EndGlobalSection
	GlobalSection(ExtensibilityGlobals) = postSolution
		SolutionGuid = {F6094491-6927-46EC-9F8F-146F9532C92E}
	EndGlobalSection
EndGlobal
