
Microsoft Visual Studio Solution File, Format Version 12.00
# Visual Studio Version 17
VisualStudioVersion = 17.7.33711.374
MinimumVisualStudioVersion = 10.0.40219.1
Project("{9A19103F-16F7-4668-BE54-9A1E7A4F7556}") = "Vms.Domain", "Vms.Domain\Vms.Domain.csproj", "{0B579BF1-5CA9-43D3-9051-B275E2D5CB69}"
EndProject
Project("{9A19103F-16F7-4668-BE54-9A1E7A4F7556}") = "Vms.Blazor.Client", "Vms.Blazor\Client\Vms.Blazor.Client.csproj", "{859906C0-36F2-42DB-9CB2-28CCFA36847C}"
EndProject
Project("{9A19103F-16F7-4668-BE54-9A1E7A4F7556}") = "Vms.Blazor.Server", "Vms.Blazor\Server\Vms.Blazor.Server.csproj", "{5D56DB07-9512-495C-9A97-B2115CE4E014}"
EndProject
Project("{9A19103F-16F7-4668-BE54-9A1E7A4F7556}") = "Vms.Blazor.Shared", "Vms.Blazor\Shared\Vms.Blazor.Shared.csproj", "{40319812-05C0-4F77-8293-CFB4B31000F4}"
EndProject
Project("{2150E333-8FDC-42A3-9474-1A3956D46DE8}") = "Solution Items", "Solution Items", "{42B0C510-22A0-4FBD-9C2E-0DEDF7FF95BF}"
	ProjectSection(SolutionItems) = preProject
		migrations.txt = migrations.txt
		paradigm.txt = paradigm.txt
		sites.txt = sites.txt
	EndProjectSection
EndProject
Project("{9A19103F-16F7-4668-BE54-9A1E7A4F7556}") = "Vms.Tests", "Vms.Tests\Vms.Tests.csproj", "{E7FB0ABB-6B40-4AAD-9CB8-2412B978B19E}"
EndProject
Project("{9A19103F-16F7-4668-BE54-9A1E7A4F7556}") = "Vms.Application", "Vms.Application\Vms.Application.csproj", "{350601FD-763D-4E79-B9A6-1D7010B779D2}"
EndProject
Project("{2150E333-8FDC-42A3-9474-1A3956D46DE8}") = "Web", "Web", "{C9B4C5D7-5F9E-46C9-9BA4-9E6E6D3833FD}"
EndProject
Project("{2150E333-8FDC-42A3-9474-1A3956D46DE8}") = "BlazorDotNetGrid8", "BlazorDotNetGrid8", "{A7F94E31-0B64-4FCB-AFB0-347E93835A9E}"
EndProject
Project("{9A19103F-16F7-4668-BE54-9A1E7A4F7556}") = "Identity.API", "Identity.API\Identity.API.csproj", "{00BA8EAA-11EC-4A66-BD8E-7FF39067ED5F}"
EndProject
Project("{9A19103F-16F7-4668-BE54-9A1E7A4F7556}") = "Vms.Blazor.Admin", "Vms.Blazor\Admin\Vms.Blazor.Admin.csproj", "{5EF1A8FB-57AE-4370-A0A9-B4FE04AF4F19}"
EndProject
Global
	GlobalSection(SolutionConfigurationPlatforms) = preSolution
		Debug|Any CPU = Debug|Any CPU
		Release|Any CPU = Release|Any CPU
	EndGlobalSection
	GlobalSection(ProjectConfigurationPlatforms) = postSolution
		{0B579BF1-5CA9-43D3-9051-B275E2D5CB69}.Debug|Any CPU.ActiveCfg = Debug|Any CPU
		{0B579BF1-5CA9-43D3-9051-B275E2D5CB69}.Debug|Any CPU.Build.0 = Debug|Any CPU
		{0B579BF1-5CA9-43D3-9051-B275E2D5CB69}.Release|Any CPU.ActiveCfg = Release|Any CPU
		{0B579BF1-5CA9-43D3-9051-B275E2D5CB69}.Release|Any CPU.Build.0 = Release|Any CPU
		{859906C0-36F2-42DB-9CB2-28CCFA36847C}.Debug|Any CPU.ActiveCfg = Debug|Any CPU
		{859906C0-36F2-42DB-9CB2-28CCFA36847C}.Debug|Any CPU.Build.0 = Debug|Any CPU
		{859906C0-36F2-42DB-9CB2-28CCFA36847C}.Release|Any CPU.ActiveCfg = Release|Any CPU
		{859906C0-36F2-42DB-9CB2-28CCFA36847C}.Release|Any CPU.Build.0 = Release|Any CPU
		{5D56DB07-9512-495C-9A97-B2115CE4E014}.Debug|Any CPU.ActiveCfg = Debug|Any CPU
		{5D56DB07-9512-495C-9A97-B2115CE4E014}.Debug|Any CPU.Build.0 = Debug|Any CPU
		{5D56DB07-9512-495C-9A97-B2115CE4E014}.Release|Any CPU.ActiveCfg = Release|Any CPU
		{5D56DB07-9512-495C-9A97-B2115CE4E014}.Release|Any CPU.Build.0 = Release|Any CPU
		{40319812-05C0-4F77-8293-CFB4B31000F4}.Debug|Any CPU.ActiveCfg = Debug|Any CPU
		{40319812-05C0-4F77-8293-CFB4B31000F4}.Debug|Any CPU.Build.0 = Debug|Any CPU
		{40319812-05C0-4F77-8293-CFB4B31000F4}.Release|Any CPU.ActiveCfg = Release|Any CPU
		{40319812-05C0-4F77-8293-CFB4B31000F4}.Release|Any CPU.Build.0 = Release|Any CPU
		{E7FB0ABB-6B40-4AAD-9CB8-2412B978B19E}.Debug|Any CPU.ActiveCfg = Debug|Any CPU
		{E7FB0ABB-6B40-4AAD-9CB8-2412B978B19E}.Debug|Any CPU.Build.0 = Debug|Any CPU
		{E7FB0ABB-6B40-4AAD-9CB8-2412B978B19E}.Release|Any CPU.ActiveCfg = Release|Any CPU
		{E7FB0ABB-6B40-4AAD-9CB8-2412B978B19E}.Release|Any CPU.Build.0 = Release|Any CPU
		{350601FD-763D-4E79-B9A6-1D7010B779D2}.Debug|Any CPU.ActiveCfg = Debug|Any CPU
		{350601FD-763D-4E79-B9A6-1D7010B779D2}.Debug|Any CPU.Build.0 = Debug|Any CPU
		{350601FD-763D-4E79-B9A6-1D7010B779D2}.Release|Any CPU.ActiveCfg = Release|Any CPU
		{350601FD-763D-4E79-B9A6-1D7010B779D2}.Release|Any CPU.Build.0 = Release|Any CPU
		{00BA8EAA-11EC-4A66-BD8E-7FF39067ED5F}.Debug|Any CPU.ActiveCfg = Debug|Any CPU
		{00BA8EAA-11EC-4A66-BD8E-7FF39067ED5F}.Debug|Any CPU.Build.0 = Debug|Any CPU
		{00BA8EAA-11EC-4A66-BD8E-7FF39067ED5F}.Release|Any CPU.ActiveCfg = Release|Any CPU
		{00BA8EAA-11EC-4A66-BD8E-7FF39067ED5F}.Release|Any CPU.Build.0 = Release|Any CPU
		{5EF1A8FB-57AE-4370-A0A9-B4FE04AF4F19}.Debug|Any CPU.ActiveCfg = Debug|Any CPU
		{5EF1A8FB-57AE-4370-A0A9-B4FE04AF4F19}.Debug|Any CPU.Build.0 = Debug|Any CPU
		{5EF1A8FB-57AE-4370-A0A9-B4FE04AF4F19}.Release|Any CPU.ActiveCfg = Release|Any CPU
		{5EF1A8FB-57AE-4370-A0A9-B4FE04AF4F19}.Release|Any CPU.Build.0 = Release|Any CPU
	EndGlobalSection
	GlobalSection(SolutionProperties) = preSolution
		HideSolutionNode = FALSE
	EndGlobalSection
	GlobalSection(NestedProjects) = preSolution
		{859906C0-36F2-42DB-9CB2-28CCFA36847C} = {C9B4C5D7-5F9E-46C9-9BA4-9E6E6D3833FD}
		{5D56DB07-9512-495C-9A97-B2115CE4E014} = {C9B4C5D7-5F9E-46C9-9BA4-9E6E6D3833FD}
		{40319812-05C0-4F77-8293-CFB4B31000F4} = {C9B4C5D7-5F9E-46C9-9BA4-9E6E6D3833FD}
		{5EF1A8FB-57AE-4370-A0A9-B4FE04AF4F19} = {C9B4C5D7-5F9E-46C9-9BA4-9E6E6D3833FD}
	EndGlobalSection
	GlobalSection(ExtensibilityGlobals) = postSolution
		SolutionGuid = {F6094491-6927-46EC-9F8F-146F9532C92E}
	EndGlobalSection
EndGlobal
