
Microsoft Visual Studio Solution File, Format Version 12.00
# Visual Studio Version 17
VisualStudioVersion = 17.7.33711.374
MinimumVisualStudioVersion = 10.0.40219.1
Project("{9A19103F-16F7-4668-BE54-9A1E7A4F7556}") = "Vms.Domain", "Vms.Domain\Vms.Domain.csproj", "{0B579BF1-5CA9-43D3-9051-B275E2D5CB69}"
EndProject
Project("{2150E333-8FDC-42A3-9474-1A3956D46DE8}") = "_Solution Items", "_Solution Items", "{42B0C510-22A0-4FBD-9C2E-0DEDF7FF95BF}"
	ProjectSection(SolutionItems) = preProject
		js.js = js.js
		migrations.txt = migrations.txt
		paradigm.txt = paradigm.txt
		script.js = script.js
		sites.txt = sites.txt
		styles.css = styles.css
		Test.html = Test.html
	EndProjectSection
EndProject
Project("{9A19103F-16F7-4668-BE54-9A1E7A4F7556}") = "Vms.Tests", "Vms.Tests\Vms.Tests.csproj", "{E7FB0ABB-6B40-4AAD-9CB8-2412B978B19E}"
EndProject
Project("{9A19103F-16F7-4668-BE54-9A1E7A4F7556}") = "Vms.Application", "Vms.Application\Vms.Application.csproj", "{350601FD-763D-4E79-B9A6-1D7010B779D2}"
EndProject
Project("{9A19103F-16F7-4668-BE54-9A1E7A4F7556}") = "Identity.API", "Identity.API\Identity.API.csproj", "{00BA8EAA-11EC-4A66-BD8E-7FF39067ED5F}"
EndProject
Project("{2150E333-8FDC-42A3-9474-1A3956D46DE8}") = "1 Application", "1 Application", "{A799C996-088B-48E4-A589-8FD0057BFC5B}"
EndProject
Project("{2150E333-8FDC-42A3-9474-1A3956D46DE8}") = "Security", "Security", "{F27F1760-3DBC-49C9-8CA7-FA0089812073}"
EndProject
Project("{2150E333-8FDC-42A3-9474-1A3956D46DE8}") = "Tests", "Tests", "{2EA2EA30-795E-47A0-9E6B-72CF9D688AA7}"
EndProject
Project("{9A19103F-16F7-4668-BE54-9A1E7A4F7556}") = "CodeGenerator", "CodeGenerator\CodeGenerator.csproj", "{D6F06AD2-34C8-49AE-8975-23084C332725}"
EndProject
Project("{2150E333-8FDC-42A3-9474-1A3956D46DE8}") = "4 - Web", "4 - Web", "{5E42BC5C-A059-44F1-B6CA-C37E33B2D39D}"
EndProject
Project("{9A19103F-16F7-4668-BE54-9A1E7A4F7556}") = "Vms.Web.Server", "Vms.Web\Server\Vms.Web.Server.csproj", "{14F86536-9031-4959-B9E9-D595002BECB2}"
EndProject
Project("{9A19103F-16F7-4668-BE54-9A1E7A4F7556}") = "Vms.Web.Client", "Vms.Web\Client\Vms.Web.Client.csproj", "{44B516D9-52CA-434A-AB3E-458AB1160687}"
EndProject
Project("{9A19103F-16F7-4668-BE54-9A1E7A4F7556}") = "Vms.Web.Shared", "Vms.Web\Shared\Vms.Web.Shared.csproj", "{542F4A77-1872-4E5A-A9C4-239C26B23336}"
EndProject
Project("{9A19103F-16F7-4668-BE54-9A1E7A4F7556}") = "Utopia.Blazor.Component", "Utopia.Blazor.Component\Utopia.Blazor.Component.csproj", "{9354E257-8B46-4AE0-81B0-1862E2671703}"
EndProject
Project("{9A19103F-16F7-4668-BE54-9A1E7A4F7556}") = "CodeGen", "CodeGen\CodeGen.csproj", "{3A4C4EBF-B951-49EC-B62F-594597B32035}"
EndProject
Project("{9A19103F-16F7-4668-BE54-9A1E7A4F7556}") = "ConsoleApp1", "ConsoleApp1\ConsoleApp1.csproj", "{7714D80C-0A02-4510-A466-2014B5A8EF2F}"
EndProject
Project("{9A19103F-16F7-4668-BE54-9A1E7A4F7556}") = "Utopia.Blazor.Application", "Utopia.Blazor.Application\Utopia.Blazor.Application.csproj", "{432D0979-7EAF-4830-8E39-EA09493AEE8E}"
EndProject
Project("{9A19103F-16F7-4668-BE54-9A1E7A4F7556}") = "Utopia.Blazor.Application.Shared", "Utopia.Blazor.Application.Shared\Utopia.Blazor.Application.Shared.csproj", "{1E0DA74C-DB19-4EF8-981E-2DC628F8F8A9}"
EndProject
Project("{9A19103F-16F7-4668-BE54-9A1E7A4F7556}") = "Vms.Blazor.Application", "Vms.Blazor.Application\Vms.Blazor.Application.csproj", "{1E818404-FC15-48A3-8BEB-86C653625696}"
EndProject
Project("{9A19103F-16F7-4668-BE54-9A1E7A4F7556}") = "Vms.Domain.Infrastructure", "Vms.Domain.Infrastructure\Vms.Domain.Infrastructure.csproj", "{E9A79938-105E-465E-A60B-F88641EA339F}"
EndProject
Project("{9A19103F-16F7-4668-BE54-9A1E7A4F7556}") = "Vms.Web.Client.ServiceBookingProcess", "Vms.Web.Client.ServiceBookingProcess\Vms.Web.Client.ServiceBookingProcess.csproj", "{39990D60-4FA7-4AEE-8528-D6C6176FB3A7}"
EndProject
Project("{9A19103F-16F7-4668-BE54-9A1E7A4F7556}") = "Vms.Web.Client.Common", "Vms.Web.Client.Common\Vms.Web.Client.Common.csproj", "{79121C07-6217-4C94-8D00-D687AF5935CB}"
EndProject
Project("{9A19103F-16F7-4668-BE54-9A1E7A4F7556}") = "CountLines", "CountLines\CountLines.csproj", "{24B9FE85-3A0D-4AF3-A3F3-FF3568ACA6F2}"
EndProject
Global
	GlobalSection(SolutionConfigurationPlatforms) = preSolution
		Debug|Any CPU = Debug|Any CPU
		Release|Any CPU = Release|Any CPU
	EndGlobalSection
	GlobalSection(ProjectConfigurationPlatforms) = postSolution
		{0B579BF1-5CA9-43D3-9051-B275E2D5CB69}.Debug|Any CPU.ActiveCfg = Debug|Any CPU
		{0B579BF1-5CA9-43D3-9051-B275E2D5CB69}.Debug|Any CPU.Build.0 = Debug|Any CPU
		{0B579BF1-5CA9-43D3-9051-B275E2D5CB69}.Release|Any CPU.ActiveCfg = Release|Any CPU
		{0B579BF1-5CA9-43D3-9051-B275E2D5CB69}.Release|Any CPU.Build.0 = Release|Any CPU
		{E7FB0ABB-6B40-4AAD-9CB8-2412B978B19E}.Debug|Any CPU.ActiveCfg = Debug|Any CPU
		{E7FB0ABB-6B40-4AAD-9CB8-2412B978B19E}.Debug|Any CPU.Build.0 = Debug|Any CPU
		{E7FB0ABB-6B40-4AAD-9CB8-2412B978B19E}.Release|Any CPU.ActiveCfg = Release|Any CPU
		{E7FB0ABB-6B40-4AAD-9CB8-2412B978B19E}.Release|Any CPU.Build.0 = Release|Any CPU
		{350601FD-763D-4E79-B9A6-1D7010B779D2}.Debug|Any CPU.ActiveCfg = Debug|Any CPU
		{350601FD-763D-4E79-B9A6-1D7010B779D2}.Debug|Any CPU.Build.0 = Debug|Any CPU
		{350601FD-763D-4E79-B9A6-1D7010B779D2}.Release|Any CPU.ActiveCfg = Release|Any CPU
		{350601FD-763D-4E79-B9A6-1D7010B779D2}.Release|Any CPU.Build.0 = Release|Any CPU
		{00BA8EAA-11EC-4A66-BD8E-7FF39067ED5F}.Debug|Any CPU.ActiveCfg = Debug|Any CPU
		{00BA8EAA-11EC-4A66-BD8E-7FF39067ED5F}.Debug|Any CPU.Build.0 = Debug|Any CPU
		{00BA8EAA-11EC-4A66-BD8E-7FF39067ED5F}.Release|Any CPU.ActiveCfg = Release|Any CPU
		{00BA8EAA-11EC-4A66-BD8E-7FF39067ED5F}.Release|Any CPU.Build.0 = Release|Any CPU
		{D6F06AD2-34C8-49AE-8975-23084C332725}.Debug|Any CPU.ActiveCfg = Debug|Any CPU
		{D6F06AD2-34C8-49AE-8975-23084C332725}.Debug|Any CPU.Build.0 = Debug|Any CPU
		{D6F06AD2-34C8-49AE-8975-23084C332725}.Release|Any CPU.ActiveCfg = Release|Any CPU
		{D6F06AD2-34C8-49AE-8975-23084C332725}.Release|Any CPU.Build.0 = Release|Any CPU
		{14F86536-9031-4959-B9E9-D595002BECB2}.Debug|Any CPU.ActiveCfg = Debug|Any CPU
		{14F86536-9031-4959-B9E9-D595002BECB2}.Debug|Any CPU.Build.0 = Debug|Any CPU
		{14F86536-9031-4959-B9E9-D595002BECB2}.Release|Any CPU.ActiveCfg = Release|Any CPU
		{14F86536-9031-4959-B9E9-D595002BECB2}.Release|Any CPU.Build.0 = Release|Any CPU
		{44B516D9-52CA-434A-AB3E-458AB1160687}.Debug|Any CPU.ActiveCfg = Debug|Any CPU
		{44B516D9-52CA-434A-AB3E-458AB1160687}.Debug|Any CPU.Build.0 = Debug|Any CPU
		{44B516D9-52CA-434A-AB3E-458AB1160687}.Release|Any CPU.ActiveCfg = Release|Any CPU
		{44B516D9-52CA-434A-AB3E-458AB1160687}.Release|Any CPU.Build.0 = Release|Any CPU
		{542F4A77-1872-4E5A-A9C4-239C26B23336}.Debug|Any CPU.ActiveCfg = Debug|Any CPU
		{542F4A77-1872-4E5A-A9C4-239C26B23336}.Debug|Any CPU.Build.0 = Debug|Any CPU
		{542F4A77-1872-4E5A-A9C4-239C26B23336}.Release|Any CPU.ActiveCfg = Release|Any CPU
		{542F4A77-1872-4E5A-A9C4-239C26B23336}.Release|Any CPU.Build.0 = Release|Any CPU
		{9354E257-8B46-4AE0-81B0-1862E2671703}.Debug|Any CPU.ActiveCfg = Debug|Any CPU
		{9354E257-8B46-4AE0-81B0-1862E2671703}.Debug|Any CPU.Build.0 = Debug|Any CPU
		{9354E257-8B46-4AE0-81B0-1862E2671703}.Release|Any CPU.ActiveCfg = Release|Any CPU
		{9354E257-8B46-4AE0-81B0-1862E2671703}.Release|Any CPU.Build.0 = Release|Any CPU
		{3A4C4EBF-B951-49EC-B62F-594597B32035}.Debug|Any CPU.ActiveCfg = Debug|Any CPU
		{3A4C4EBF-B951-49EC-B62F-594597B32035}.Debug|Any CPU.Build.0 = Debug|Any CPU
		{3A4C4EBF-B951-49EC-B62F-594597B32035}.Release|Any CPU.ActiveCfg = Release|Any CPU
		{3A4C4EBF-B951-49EC-B62F-594597B32035}.Release|Any CPU.Build.0 = Release|Any CPU
		{7714D80C-0A02-4510-A466-2014B5A8EF2F}.Debug|Any CPU.ActiveCfg = Debug|Any CPU
		{7714D80C-0A02-4510-A466-2014B5A8EF2F}.Debug|Any CPU.Build.0 = Debug|Any CPU
		{7714D80C-0A02-4510-A466-2014B5A8EF2F}.Release|Any CPU.ActiveCfg = Release|Any CPU
		{7714D80C-0A02-4510-A466-2014B5A8EF2F}.Release|Any CPU.Build.0 = Release|Any CPU
		{432D0979-7EAF-4830-8E39-EA09493AEE8E}.Debug|Any CPU.ActiveCfg = Debug|Any CPU
		{432D0979-7EAF-4830-8E39-EA09493AEE8E}.Debug|Any CPU.Build.0 = Debug|Any CPU
		{432D0979-7EAF-4830-8E39-EA09493AEE8E}.Release|Any CPU.ActiveCfg = Release|Any CPU
		{432D0979-7EAF-4830-8E39-EA09493AEE8E}.Release|Any CPU.Build.0 = Release|Any CPU
		{1E0DA74C-DB19-4EF8-981E-2DC628F8F8A9}.Debug|Any CPU.ActiveCfg = Debug|Any CPU
		{1E0DA74C-DB19-4EF8-981E-2DC628F8F8A9}.Debug|Any CPU.Build.0 = Debug|Any CPU
		{1E0DA74C-DB19-4EF8-981E-2DC628F8F8A9}.Release|Any CPU.ActiveCfg = Release|Any CPU
		{1E0DA74C-DB19-4EF8-981E-2DC628F8F8A9}.Release|Any CPU.Build.0 = Release|Any CPU
		{1E818404-FC15-48A3-8BEB-86C653625696}.Debug|Any CPU.ActiveCfg = Debug|Any CPU
		{1E818404-FC15-48A3-8BEB-86C653625696}.Debug|Any CPU.Build.0 = Debug|Any CPU
		{1E818404-FC15-48A3-8BEB-86C653625696}.Release|Any CPU.ActiveCfg = Release|Any CPU
		{1E818404-FC15-48A3-8BEB-86C653625696}.Release|Any CPU.Build.0 = Release|Any CPU
		{E9A79938-105E-465E-A60B-F88641EA339F}.Debug|Any CPU.ActiveCfg = Debug|Any CPU
		{E9A79938-105E-465E-A60B-F88641EA339F}.Debug|Any CPU.Build.0 = Debug|Any CPU
		{E9A79938-105E-465E-A60B-F88641EA339F}.Release|Any CPU.ActiveCfg = Release|Any CPU
		{E9A79938-105E-465E-A60B-F88641EA339F}.Release|Any CPU.Build.0 = Release|Any CPU
		{39990D60-4FA7-4AEE-8528-D6C6176FB3A7}.Debug|Any CPU.ActiveCfg = Debug|Any CPU
		{39990D60-4FA7-4AEE-8528-D6C6176FB3A7}.Debug|Any CPU.Build.0 = Debug|Any CPU
		{39990D60-4FA7-4AEE-8528-D6C6176FB3A7}.Release|Any CPU.ActiveCfg = Release|Any CPU
		{39990D60-4FA7-4AEE-8528-D6C6176FB3A7}.Release|Any CPU.Build.0 = Release|Any CPU
		{79121C07-6217-4C94-8D00-D687AF5935CB}.Debug|Any CPU.ActiveCfg = Debug|Any CPU
		{79121C07-6217-4C94-8D00-D687AF5935CB}.Debug|Any CPU.Build.0 = Debug|Any CPU
		{79121C07-6217-4C94-8D00-D687AF5935CB}.Release|Any CPU.ActiveCfg = Release|Any CPU
		{79121C07-6217-4C94-8D00-D687AF5935CB}.Release|Any CPU.Build.0 = Release|Any CPU
		{24B9FE85-3A0D-4AF3-A3F3-FF3568ACA6F2}.Debug|Any CPU.ActiveCfg = Debug|Any CPU
		{24B9FE85-3A0D-4AF3-A3F3-FF3568ACA6F2}.Debug|Any CPU.Build.0 = Debug|Any CPU
		{24B9FE85-3A0D-4AF3-A3F3-FF3568ACA6F2}.Release|Any CPU.ActiveCfg = Release|Any CPU
		{24B9FE85-3A0D-4AF3-A3F3-FF3568ACA6F2}.Release|Any CPU.Build.0 = Release|Any CPU
	EndGlobalSection
	GlobalSection(SolutionProperties) = preSolution
		HideSolutionNode = FALSE
	EndGlobalSection
	GlobalSection(NestedProjects) = preSolution
		{0B579BF1-5CA9-43D3-9051-B275E2D5CB69} = {A799C996-088B-48E4-A589-8FD0057BFC5B}
		{E7FB0ABB-6B40-4AAD-9CB8-2412B978B19E} = {2EA2EA30-795E-47A0-9E6B-72CF9D688AA7}
		{350601FD-763D-4E79-B9A6-1D7010B779D2} = {A799C996-088B-48E4-A589-8FD0057BFC5B}
		{00BA8EAA-11EC-4A66-BD8E-7FF39067ED5F} = {F27F1760-3DBC-49C9-8CA7-FA0089812073}
		{14F86536-9031-4959-B9E9-D595002BECB2} = {5E42BC5C-A059-44F1-B6CA-C37E33B2D39D}
		{44B516D9-52CA-434A-AB3E-458AB1160687} = {5E42BC5C-A059-44F1-B6CA-C37E33B2D39D}
		{542F4A77-1872-4E5A-A9C4-239C26B23336} = {5E42BC5C-A059-44F1-B6CA-C37E33B2D39D}
		{9354E257-8B46-4AE0-81B0-1862E2671703} = {5E42BC5C-A059-44F1-B6CA-C37E33B2D39D}
		{432D0979-7EAF-4830-8E39-EA09493AEE8E} = {5E42BC5C-A059-44F1-B6CA-C37E33B2D39D}
		{1E0DA74C-DB19-4EF8-981E-2DC628F8F8A9} = {5E42BC5C-A059-44F1-B6CA-C37E33B2D39D}
		{1E818404-FC15-48A3-8BEB-86C653625696} = {5E42BC5C-A059-44F1-B6CA-C37E33B2D39D}
		{E9A79938-105E-465E-A60B-F88641EA339F} = {A799C996-088B-48E4-A589-8FD0057BFC5B}
		{39990D60-4FA7-4AEE-8528-D6C6176FB3A7} = {5E42BC5C-A059-44F1-B6CA-C37E33B2D39D}
		{79121C07-6217-4C94-8D00-D687AF5935CB} = {5E42BC5C-A059-44F1-B6CA-C37E33B2D39D}
	EndGlobalSection
	GlobalSection(ExtensibilityGlobals) = postSolution
		SolutionGuid = {F6094491-6927-46EC-9F8F-146F9532C92E}
	EndGlobalSection
EndGlobal
